// !$*UTF8*$!
{
	archiveVersion = 1;
	classes = {
	};
	objectVersion = 46;
	objects = {

/* Begin PBXBuildFile section */
		117BE6FF1C376A9B0016DFF2 /* AppDelegate.swift in Sources */ = {isa = PBXBuildFile; fileRef = 117BE6FE1C376A9B0016DFF2 /* AppDelegate.swift */; };
		117BE7011C376A9B0016DFF2 /* ViewController.swift in Sources */ = {isa = PBXBuildFile; fileRef = 117BE7001C376A9B0016DFF2 /* ViewController.swift */; };
		117BE7041C376A9B0016DFF2 /* Main.storyboard in Resources */ = {isa = PBXBuildFile; fileRef = 117BE7021C376A9B0016DFF2 /* Main.storyboard */; };
		117BE7061C376A9B0016DFF2 /* Assets.xcassets in Resources */ = {isa = PBXBuildFile; fileRef = 117BE7051C376A9B0016DFF2 /* Assets.xcassets */; };
		117BE7091C376A9B0016DFF2 /* LaunchScreen.storyboard in Resources */ = {isa = PBXBuildFile; fileRef = 117BE7071C376A9B0016DFF2 /* LaunchScreen.storyboard */; };
		117BE7181C377D100016DFF2 /* SiloView.h in Headers */ = {isa = PBXBuildFile; fileRef = 117BE7171C377D100016DFF2 /* SiloView.h */; settings = {ATTRIBUTES = (Public, ); }; };
		117BE71C1C377D100016DFF2 /* SiloView.framework in Frameworks */ = {isa = PBXBuildFile; fileRef = 117BE7151C377D100016DFF2 /* SiloView.framework */; };
		117BE71D1C377D100016DFF2 /* SiloView.framework in Embed Frameworks */ = {isa = PBXBuildFile; fileRef = 117BE7151C377D100016DFF2 /* SiloView.framework */; settings = {ATTRIBUTES = (CodeSignOnCopy, RemoveHeadersOnCopy, ); }; };
		117BE7231C377D370016DFF2 /* Silo.swift in Sources */ = {isa = PBXBuildFile; fileRef = 117BE7221C377D370016DFF2 /* Silo.swift */; };
/* End PBXBuildFile section */

/* Begin PBXContainerItemProxy section */
		117BE71A1C377D100016DFF2 /* PBXContainerItemProxy */ = {
			isa = PBXContainerItemProxy;
			containerPortal = 117BE6F31C376A9B0016DFF2 /* Project object */;
			proxyType = 1;
			remoteGlobalIDString = 117BE7141C377D100016DFF2;
			remoteInfo = SiloView;
		};
/* End PBXContainerItemProxy section */

/* Begin PBXCopyFilesBuildPhase section */
		117BE7211C377D100016DFF2 /* Embed Frameworks */ = {
			isa = PBXCopyFilesBuildPhase;
			buildActionMask = 2147483647;
			dstPath = "";
			dstSubfolderSpec = 10;
			files = (
				117BE71D1C377D100016DFF2 /* SiloView.framework in Embed Frameworks */,
			);
			name = "Embed Frameworks";
			runOnlyForDeploymentPostprocessing = 0;
		};
/* End PBXCopyFilesBuildPhase section */

/* Begin PBXFileReference section */
		117BE6FB1C376A9B0016DFF2 /* Silo.app */ = {isa = PBXFileReference; explicitFileType = wrapper.application; includeInIndex = 0; path = Silo.app; sourceTree = BUILT_PRODUCTS_DIR; };
		117BE6FE1C376A9B0016DFF2 /* AppDelegate.swift */ = {isa = PBXFileReference; lastKnownFileType = sourcecode.swift; path = AppDelegate.swift; sourceTree = "<group>"; };
		117BE7001C376A9B0016DFF2 /* ViewController.swift */ = {isa = PBXFileReference; lastKnownFileType = sourcecode.swift; path = ViewController.swift; sourceTree = "<group>"; };
		117BE7031C376A9B0016DFF2 /* Base */ = {isa = PBXFileReference; lastKnownFileType = file.storyboard; name = Base; path = Base.lproj/Main.storyboard; sourceTree = "<group>"; };
		117BE7051C376A9B0016DFF2 /* Assets.xcassets */ = {isa = PBXFileReference; lastKnownFileType = folder.assetcatalog; path = Assets.xcassets; sourceTree = "<group>"; };
		117BE7081C376A9B0016DFF2 /* Base */ = {isa = PBXFileReference; lastKnownFileType = file.storyboard; name = Base; path = Base.lproj/LaunchScreen.storyboard; sourceTree = "<group>"; };
		117BE70A1C376A9B0016DFF2 /* Info.plist */ = {isa = PBXFileReference; lastKnownFileType = text.plist.xml; path = Info.plist; sourceTree = "<group>"; };
		117BE7151C377D100016DFF2 /* SiloView.framework */ = {isa = PBXFileReference; explicitFileType = wrapper.framework; includeInIndex = 0; path = SiloView.framework; sourceTree = BUILT_PRODUCTS_DIR; };
		117BE7171C377D100016DFF2 /* SiloView.h */ = {isa = PBXFileReference; lastKnownFileType = sourcecode.c.h; path = SiloView.h; sourceTree = "<group>"; };
		117BE7191C377D100016DFF2 /* Info.plist */ = {isa = PBXFileReference; lastKnownFileType = text.plist.xml; path = Info.plist; sourceTree = "<group>"; };
		117BE7221C377D370016DFF2 /* Silo.swift */ = {isa = PBXFileReference; fileEncoding = 4; lastKnownFileType = sourcecode.swift; path = Silo.swift; sourceTree = "<group>"; };
/* End PBXFileReference section */

/* Begin PBXFrameworksBuildPhase section */
		117BE6F81C376A9B0016DFF2 /* Frameworks */ = {
			isa = PBXFrameworksBuildPhase;
			buildActionMask = 2147483647;
			files = (
				117BE71C1C377D100016DFF2 /* SiloView.framework in Frameworks */,
			);
			runOnlyForDeploymentPostprocessing = 0;
		};
		117BE7111C377D100016DFF2 /* Frameworks */ = {
			isa = PBXFrameworksBuildPhase;
			buildActionMask = 2147483647;
			files = (
			);
			runOnlyForDeploymentPostprocessing = 0;
		};
/* End PBXFrameworksBuildPhase section */

/* Begin PBXGroup section */
		117BE6F21C376A9B0016DFF2 = {
			isa = PBXGroup;
			children = (
				117BE6FD1C376A9B0016DFF2 /* Silo */,
				117BE7161C377D100016DFF2 /* SiloView */,
				117BE6FC1C376A9B0016DFF2 /* Products */,
			);
			sourceTree = "<group>";
		};
		117BE6FC1C376A9B0016DFF2 /* Products */ = {
			isa = PBXGroup;
			children = (
				117BE6FB1C376A9B0016DFF2 /* Silo.app */,
				117BE7151C377D100016DFF2 /* SiloView.framework */,
			);
			name = Products;
			sourceTree = "<group>";
		};
		117BE6FD1C376A9B0016DFF2 /* Silo */ = {
			isa = PBXGroup;
			children = (
				117BE6FE1C376A9B0016DFF2 /* AppDelegate.swift */,
				117BE7001C376A9B0016DFF2 /* ViewController.swift */,
				117BE7021C376A9B0016DFF2 /* Main.storyboard */,
				117BE7051C376A9B0016DFF2 /* Assets.xcassets */,
				117BE7071C376A9B0016DFF2 /* LaunchScreen.storyboard */,
				117BE70A1C376A9B0016DFF2 /* Info.plist */,
			);
			path = Silo;
			sourceTree = "<group>";
		};
		117BE7161C377D100016DFF2 /* SiloView */ = {
			isa = PBXGroup;
			children = (
				117BE7171C377D100016DFF2 /* SiloView.h */,
				117BE7191C377D100016DFF2 /* Info.plist */,
				117BE7221C377D370016DFF2 /* Silo.swift */,
			);
			path = SiloView;
			sourceTree = "<group>";
		};
/* End PBXGroup section */

/* Begin PBXHeadersBuildPhase section */
		117BE7121C377D100016DFF2 /* Headers */ = {
			isa = PBXHeadersBuildPhase;
			buildActionMask = 2147483647;
			files = (
				117BE7181C377D100016DFF2 /* SiloView.h in Headers */,
			);
			runOnlyForDeploymentPostprocessing = 0;
		};
/* End PBXHeadersBuildPhase section */

/* Begin PBXNativeTarget section */
		117BE6FA1C376A9B0016DFF2 /* Silo */ = {
			isa = PBXNativeTarget;
			buildConfigurationList = 117BE70D1C376A9B0016DFF2 /* Build configuration list for PBXNativeTarget "Silo" */;
			buildPhases = (
				117BE6F71C376A9B0016DFF2 /* Sources */,
				117BE6F81C376A9B0016DFF2 /* Frameworks */,
				117BE6F91C376A9B0016DFF2 /* Resources */,
				117BE7211C377D100016DFF2 /* Embed Frameworks */,
			);
			buildRules = (
			);
			dependencies = (
				117BE71B1C377D100016DFF2 /* PBXTargetDependency */,
			);
			name = Silo;
			productName = Silo;
			productReference = 117BE6FB1C376A9B0016DFF2 /* Silo.app */;
			productType = "com.apple.product-type.application";
		};
		117BE7141C377D100016DFF2 /* SiloView */ = {
			isa = PBXNativeTarget;
			buildConfigurationList = 117BE71E1C377D100016DFF2 /* Build configuration list for PBXNativeTarget "SiloView" */;
			buildPhases = (
				117BE7101C377D100016DFF2 /* Sources */,
				117BE7111C377D100016DFF2 /* Frameworks */,
				117BE7121C377D100016DFF2 /* Headers */,
				117BE7131C377D100016DFF2 /* Resources */,
			);
			buildRules = (
			);
			dependencies = (
			);
			name = SiloView;
			productName = SiloView;
			productReference = 117BE7151C377D100016DFF2 /* SiloView.framework */;
			productType = "com.apple.product-type.framework";
		};
/* End PBXNativeTarget section */

/* Begin PBXProject section */
		117BE6F31C376A9B0016DFF2 /* Project object */ = {
			isa = PBXProject;
			attributes = {
				LastSwiftUpdateCheck = 0720;
				LastUpgradeCheck = 0720;
				ORGANIZATIONNAME = Quintero;
				TargetAttributes = {
					117BE6FA1C376A9B0016DFF2 = {
						CreatedOnToolsVersion = 7.2;
					};
					117BE7141C377D100016DFF2 = {
						CreatedOnToolsVersion = 7.2;
					};
				};
			};
			buildConfigurationList = 117BE6F61C376A9B0016DFF2 /* Build configuration list for PBXProject "Silo" */;
			compatibilityVersion = "Xcode 3.2";
			developmentRegion = English;
			hasScannedForEncodings = 0;
			knownRegions = (
				en,
				Base,
			);
			mainGroup = 117BE6F21C376A9B0016DFF2;
			productRefGroup = 117BE6FC1C376A9B0016DFF2 /* Products */;
			projectDirPath = "";
			projectRoot = "";
			targets = (
				117BE6FA1C376A9B0016DFF2 /* Silo */,
				117BE7141C377D100016DFF2 /* SiloView */,
			);
		};
/* End PBXProject section */

/* Begin PBXResourcesBuildPhase section */
		117BE6F91C376A9B0016DFF2 /* Resources */ = {
			isa = PBXResourcesBuildPhase;
			buildActionMask = 2147483647;
			files = (
				117BE7091C376A9B0016DFF2 /* LaunchScreen.storyboard in Resources */,
				117BE7061C376A9B0016DFF2 /* Assets.xcassets in Resources */,
				117BE7041C376A9B0016DFF2 /* Main.storyboard in Resources */,
			);
			runOnlyForDeploymentPostprocessing = 0;
		};
		117BE7131C377D100016DFF2 /* Resources */ = {
			isa = PBXResourcesBuildPhase;
			buildActionMask = 2147483647;
			files = (
			);
			runOnlyForDeploymentPostprocessing = 0;
		};
/* End PBXResourcesBuildPhase section */

/* Begin PBXSourcesBuildPhase section */
		117BE6F71C376A9B0016DFF2 /* Sources */ = {
			isa = PBXSourcesBuildPhase;
			buildActionMask = 2147483647;
			files = (
				117BE7011C376A9B0016DFF2 /* ViewController.swift in Sources */,
				117BE6FF1C376A9B0016DFF2 /* AppDelegate.swift in Sources */,
			);
			runOnlyForDeploymentPostprocessing = 0;
		};
		117BE7101C377D100016DFF2 /* Sources */ = {
			isa = PBXSourcesBuildPhase;
			buildActionMask = 2147483647;
			files = (
				117BE7231C377D370016DFF2 /* Silo.swift in Sources */,
			);
			runOnlyForDeploymentPostprocessing = 0;
		};
/* End PBXSourcesBuildPhase section */

/* Begin PBXTargetDependency section */
		117BE71B1C377D100016DFF2 /* PBXTargetDependency */ = {
			isa = PBXTargetDependency;
			target = 117BE7141C377D100016DFF2 /* SiloView */;
			targetProxy = 117BE71A1C377D100016DFF2 /* PBXContainerItemProxy */;
		};
/* End PBXTargetDependency section */

/* Begin PBXVariantGroup section */
		117BE7021C376A9B0016DFF2 /* Main.storyboard */ = {
			isa = PBXVariantGroup;
			children = (
				117BE7031C376A9B0016DFF2 /* Base */,
			);
			name = Main.storyboard;
			sourceTree = "<group>";
		};
		117BE7071C376A9B0016DFF2 /* LaunchScreen.storyboard */ = {
			isa = PBXVariantGroup;
			children = (
				117BE7081C376A9B0016DFF2 /* Base */,
			);
			name = LaunchScreen.storyboard;
			sourceTree = "<group>";
		};
/* End PBXVariantGroup section */

/* Begin XCBuildConfiguration section */
		117BE70B1C376A9B0016DFF2 /* Debug */ = {
			isa = XCBuildConfiguration;
			buildSettings = {
				ALWAYS_SEARCH_USER_PATHS = NO;
				CLANG_CXX_LANGUAGE_STANDARD = "gnu++0x";
				CLANG_CXX_LIBRARY = "libc++";
				CLANG_ENABLE_MODULES = YES;
				CLANG_ENABLE_OBJC_ARC = YES;
				CLANG_WARN_BOOL_CONVERSION = YES;
				CLANG_WARN_CONSTANT_CONVERSION = YES;
				CLANG_WARN_DIRECT_OBJC_ISA_USAGE = YES_ERROR;
				CLANG_WARN_EMPTY_BODY = YES;
				CLANG_WARN_ENUM_CONVERSION = YES;
				CLANG_WARN_INT_CONVERSION = YES;
				CLANG_WARN_OBJC_ROOT_CLASS = YES_ERROR;
				CLANG_WARN_UNREACHABLE_CODE = YES;
				CLANG_WARN__DUPLICATE_METHOD_MATCH = YES;
				"CODE_SIGN_IDENTITY[sdk=iphoneos*]" = "iPhone Developer";
				COPY_PHASE_STRIP = NO;
				DEBUG_INFORMATION_FORMAT = dwarf;
				ENABLE_STRICT_OBJC_MSGSEND = YES;
				ENABLE_TESTABILITY = YES;
				GCC_C_LANGUAGE_STANDARD = gnu99;
				GCC_DYNAMIC_NO_PIC = NO;
				GCC_NO_COMMON_BLOCKS = YES;
				GCC_OPTIMIZATION_LEVEL = 0;
				GCC_PREPROCESSOR_DEFINITIONS = (
					"DEBUG=1",
					"$(inherited)",
				);
				GCC_WARN_64_TO_32_BIT_CONVERSION = YES;
				GCC_WARN_ABOUT_RETURN_TYPE = YES_ERROR;
				GCC_WARN_UNDECLARED_SELECTOR = YES;
				GCC_WARN_UNINITIALIZED_AUTOS = YES_AGGRESSIVE;
				GCC_WARN_UNUSED_FUNCTION = YES;
				GCC_WARN_UNUSED_VARIABLE = YES;
				IPHONEOS_DEPLOYMENT_TARGET = 9.2;
				MTL_ENABLE_DEBUG_INFO = YES;
				ONLY_ACTIVE_ARCH = YES;
				SDKROOT = iphoneos;
				SWIFT_OPTIMIZATION_LEVEL = "-Onone";
			};
			name = Debug;
		};
		117BE70C1C376A9B0016DFF2 /* Release */ = {
			isa = XCBuildConfiguration;
			buildSettings = {
				ALWAYS_SEARCH_USER_PATHS = NO;
				CLANG_CXX_LANGUAGE_STANDARD = "gnu++0x";
				CLANG_CXX_LIBRARY = "libc++";
				CLANG_ENABLE_MODULES = YES;
				CLANG_ENABLE_OBJC_ARC = YES;
				CLANG_WARN_BOOL_CONVERSION = YES;
				CLANG_WARN_CONSTANT_CONVERSION = YES;
				CLANG_WARN_DIRECT_OBJC_ISA_USAGE = YES_ERROR;
				CLANG_WARN_EMPTY_BODY = YES;
				CLANG_WARN_ENUM_CONVERSION = YES;
				CLANG_WARN_INT_CONVERSION = YES;
				CLANG_WARN_OBJC_ROOT_CLASS = YES_ERROR;
				CLANG_WARN_UNREACHABLE_CODE = YES;
				CLANG_WARN__DUPLICATE_METHOD_MATCH = YES;
				"CODE_SIGN_IDENTITY[sdk=iphoneos*]" = "iPhone Developer";
				COPY_PHASE_STRIP = NO;
				DEBUG_INFORMATION_FORMAT = "dwarf-with-dsym";
				ENABLE_NS_ASSERTIONS = NO;
				ENABLE_STRICT_OBJC_MSGSEND = YES;
				GCC_C_LANGUAGE_STANDARD = gnu99;
				GCC_NO_COMMON_BLOCKS = YES;
				GCC_WARN_64_TO_32_BIT_CONVERSION = YES;
				GCC_WARN_ABOUT_RETURN_TYPE = YES_ERROR;
				GCC_WARN_UNDECLARED_SELECTOR = YES;
				GCC_WARN_UNINITIALIZED_AUTOS = YES_AGGRESSIVE;
				GCC_WARN_UNUSED_FUNCTION = YES;
				GCC_WARN_UNUSED_VARIABLE = YES;
				IPHONEOS_DEPLOYMENT_TARGET = 9.2;
				MTL_ENABLE_DEBUG_INFO = NO;
				SDKROOT = iphoneos;
				VALIDATE_PRODUCT = YES;
			};
			name = Release;
		};
		117BE70E1C376A9B0016DFF2 /* Debug */ = {
			isa = XCBuildConfiguration;
			buildSettings = {
				ASSETCATALOG_COMPILER_APPICON_NAME = AppIcon;
				EMBEDDED_CONTENT_CONTAINS_SWIFT = YES;
				INFOPLIST_FILE = Silo/Info.plist;
				LD_RUNPATH_SEARCH_PATHS = "$(inherited) @executable_path/Frameworks";
				PRODUCT_BUNDLE_IDENTIFIER = io.quintero.Silo;
				PRODUCT_NAME = "$(TARGET_NAME)";
			};
			name = Debug;
		};
		117BE70F1C376A9B0016DFF2 /* Release */ = {
			isa = XCBuildConfiguration;
			buildSettings = {
				ASSETCATALOG_COMPILER_APPICON_NAME = AppIcon;
				EMBEDDED_CONTENT_CONTAINS_SWIFT = YES;
				INFOPLIST_FILE = Silo/Info.plist;
				LD_RUNPATH_SEARCH_PATHS = "$(inherited) @executable_path/Frameworks";
				PRODUCT_BUNDLE_IDENTIFIER = io.quintero.Silo;
				PRODUCT_NAME = "$(TARGET_NAME)";
			};
			name = Release;
		};
		117BE71F1C377D100016DFF2 /* Debug */ = {
			isa = XCBuildConfiguration;
			buildSettings = {
				CLANG_ENABLE_MODULES = YES;
				CURRENT_PROJECT_VERSION = 1;
				DEFINES_MODULE = YES;
				DYLIB_COMPATIBILITY_VERSION = 1;
				DYLIB_CURRENT_VERSION = 1;
				DYLIB_INSTALL_NAME_BASE = "@rpath";
				INFOPLIST_FILE = SiloView/Info.plist;
				INSTALL_PATH = "$(LOCAL_LIBRARY_DIR)/Frameworks";
				LD_RUNPATH_SEARCH_PATHS = "$(inherited) @executable_path/Frameworks @loader_path/Frameworks";
				PRODUCT_BUNDLE_IDENTIFIER = io.quintero.SiloView;
				PRODUCT_NAME = "$(TARGET_NAME)";
				SKIP_INSTALL = YES;
				SWIFT_OPTIMIZATION_LEVEL = "-Onone";
				TARGETED_DEVICE_FAMILY = "1,2";
				VERSIONING_SYSTEM = "apple-generic";
				VERSION_INFO_PREFIX = "";
			};
			name = Debug;
		};
		117BE7201C377D100016DFF2 /* Release */ = {
			isa = XCBuildConfiguration;
			buildSettings = {
				CLANG_ENABLE_MODULES = YES;
				CURRENT_PROJECT_VERSION = 1;
				DEFINES_MODULE = YES;
				DYLIB_COMPATIBILITY_VERSION = 1;
				DYLIB_CURRENT_VERSION = 1;
				DYLIB_INSTALL_NAME_BASE = "@rpath";
				INFOPLIST_FILE = SiloView/Info.plist;
				INSTALL_PATH = "$(LOCAL_LIBRARY_DIR)/Frameworks";
				LD_RUNPATH_SEARCH_PATHS = "$(inherited) @executable_path/Frameworks @loader_path/Frameworks";
				PRODUCT_BUNDLE_IDENTIFIER = io.quintero.SiloView;
				PRODUCT_NAME = "$(TARGET_NAME)";
				SKIP_INSTALL = YES;
				TARGETED_DEVICE_FAMILY = "1,2";
				VERSIONING_SYSTEM = "apple-generic";
				VERSION_INFO_PREFIX = "";
			};
			name = Release;
		};
/* End XCBuildConfiguration section */

/* Begin XCConfigurationList section */
		117BE6F61C376A9B0016DFF2 /* Build configuration list for PBXProject "Silo" */ = {
			isa = XCConfigurationList;
			buildConfigurations = (
				117BE70B1C376A9B0016DFF2 /* Debug */,
				117BE70C1C376A9B0016DFF2 /* Release */,
			);
			defaultConfigurationIsVisible = 0;
			defaultConfigurationName = Release;
		};
		117BE70D1C376A9B0016DFF2 /* Build configuration list for PBXNativeTarget "Silo" */ = {
			isa = XCConfigurationList;
			buildConfigurations = (
				117BE70E1C376A9B0016DFF2 /* Debug */,
				117BE70F1C376A9B0016DFF2 /* Release */,
			);
			defaultConfigurationIsVisible = 0;
		};
		117BE71E1C377D100016DFF2 /* Build configuration list for PBXNativeTarget "SiloView" */ = {
			isa = XCConfigurationList;
			buildConfigurations = (
				117BE71F1C377D100016DFF2 /* Debug */,
				117BE7201C377D100016DFF2 /* Release */,
			);
			defaultConfigurationIsVisible = 0;
		};
/* End XCConfigurationList section */
	};
	rootObject = 117BE6F31C376A9B0016DFF2 /* Project object */;
}
